
Microsoft Visual Studio Solution File, Format Version 12.00
# Visual Studio Version 16
VisualStudioVersion = 16.0.31529.145
MinimumVisualStudioVersion = 10.0.40219.1
Project("{888888A0-9F3D-457C-B088-3A5042F75D52}") = "MyPlatformGame", "MyPlatformGame.pyproj", "{CF7786D8-3DF3-42C2-AFA0-A38C84ACA531}"
EndProject
Global
	GlobalSection(SolutionConfigurationPlatforms) = preSolution
		Debug|Any CPU = Debug|Any CPU
		Release|Any CPU = Release|Any CPU
	EndGlobalSection
	GlobalSection(ProjectConfigurationPlatforms) = postSolution
		{CF7786D8-3DF3-42C2-AFA0-A38C84ACA531}.Debug|Any CPU.ActiveCfg = Debug|Any CPU
		{CF7786D8-3DF3-42C2-AFA0-A38C84ACA531}.Release|Any CPU.ActiveCfg = Release|Any CPU
	EndGlobalSection
	GlobalSection(SolutionProperties) = preSolution
		HideSolutionNode = FALSE
	EndGlobalSection
	GlobalSection(ExtensibilityGlobals) = postSolution
		SolutionGuid = {E6F52FA8-68FF-489B-BD1D-82E72818E917}
	EndGlobalSection
EndGlobal
